
Microsoft Visual Studio Solution File, Format Version 12.00
# Visual Studio 15
VisualStudioVersion = 15.0.26430.6
MinimumVisualStudioVersion = 10.0.40219.1
Project("{FAE04EC0-301F-11D3-BF4B-00C04F79EFBC}") = "EAS", "EAS\EAS.csproj", "{5B71E044-C640-40C9-AD98-318B5293776D}"
EndProject
Project("{FAE04EC0-301F-11D3-BF4B-00C04F79EFBC}") = "CoreAudioApi", "CoreAudioApi\CoreAudioApi.csproj", "{9F1076AA-63DF-4128-9C10-FD65E425C783}"
EndProject
Global
	GlobalSection(SolutionConfigurationPlatforms) = preSolution
		Debug|Any CPU = Debug|Any CPU
		Debug|x86 = Debug|x86
		Release|Any CPU = Release|Any CPU
		Release|x86 = Release|x86
	EndGlobalSection
	GlobalSection(ProjectConfigurationPlatforms) = postSolution
		{5B71E044-C640-40C9-AD98-318B5293776D}.Debug|Any CPU.ActiveCfg = Debug|Any CPU
		{5B71E044-C640-40C9-AD98-318B5293776D}.Debug|Any CPU.Build.0 = Debug|Any CPU
		{5B71E044-C640-40C9-AD98-318B5293776D}.Debug|x86.ActiveCfg = Debug|Any CPU
		{5B71E044-C640-40C9-AD98-318B5293776D}.Debug|x86.Build.0 = Debug|Any CPU
		{5B71E044-C640-40C9-AD98-318B5293776D}.Release|Any CPU.ActiveCfg = Release|Any CPU
		{5B71E044-C640-40C9-AD98-318B5293776D}.Release|Any CPU.Build.0 = Release|Any CPU
		{5B71E044-C640-40C9-AD98-318B5293776D}.Release|x86.ActiveCfg = Release|Any CPU
		{5B71E044-C640-40C9-AD98-318B5293776D}.Release|x86.Build.0 = Release|Any CPU
		{9F1076AA-63DF-4128-9C10-FD65E425C783}.Debug|Any CPU.ActiveCfg = Debug|Any CPU
		{9F1076AA-63DF-4128-9C10-FD65E425C783}.Debug|Any CPU.Build.0 = Debug|Any CPU
		{9F1076AA-63DF-4128-9C10-FD65E425C783}.Debug|x86.ActiveCfg = Debug|x86
		{9F1076AA-63DF-4128-9C10-FD65E425C783}.Debug|x86.Build.0 = Debug|x86
		{9F1076AA-63DF-4128-9C10-FD65E425C783}.Release|Any CPU.ActiveCfg = Release|Any CPU
		{9F1076AA-63DF-4128-9C10-FD65E425C783}.Release|Any CPU.Build.0 = Release|Any CPU
		{9F1076AA-63DF-4128-9C10-FD65E425C783}.Release|x86.ActiveCfg = Release|x86
		{9F1076AA-63DF-4128-9C10-FD65E425C783}.Release|x86.Build.0 = Release|x86
	EndGlobalSection
	GlobalSection(SolutionProperties) = preSolution
		HideSolutionNode = FALSE
	EndGlobalSection
EndGlobal
